// !$*UTF8*$!
{
	archiveVersion = 1;
	classes = {
	};
	objectVersion = 56;
	objects = {

/* Begin PBXBuildFile section */
		1D174CE82C777E350017C59E /* astronauts.json in Resources */ = {isa = PBXBuildFile; fileRef = 1D174CE72C777E350017C59E /* astronauts.json */; };
		1D174CEC2C777E5B0017C59E /* missions.json in Resources */ = {isa = PBXBuildFile; fileRef = 1D174CEB2C777E5B0017C59E /* missions.json */; };
		1D174CEE2C777F4F0017C59E /* Astronaut.swift in Sources */ = {isa = PBXBuildFile; fileRef = 1D174CED2C777F4F0017C59E /* Astronaut.swift */; };
		1D174CF02C77802A0017C59E /* Bundle-Decodable.swift in Sources */ = {isa = PBXBuildFile; fileRef = 1D174CEF2C77802A0017C59E /* Bundle-Decodable.swift */; };
		1D174CF22C778AA60017C59E /* Mission.swift in Sources */ = {isa = PBXBuildFile; fileRef = 1D174CF12C778AA60017C59E /* Mission.swift */; };
		1D174CF42C7799A10017C59E /* Color-Theme.swift in Sources */ = {isa = PBXBuildFile; fileRef = 1D174CF32C7799A10017C59E /* Color-Theme.swift */; };
		1D174CF62C77A3520017C59E /* MissionView.swift in Sources */ = {isa = PBXBuildFile; fileRef = 1D174CF52C77A3520017C59E /* MissionView.swift */; };
		1D174CF82C77ACBB0017C59E /* AstronautView.swift in Sources */ = {isa = PBXBuildFile; fileRef = 1D174CF72C77ACBB0017C59E /* AstronautView.swift */; };
		1D700C8C2C762C8F0048E39C /* moonshotApp.swift in Sources */ = {isa = PBXBuildFile; fileRef = 1D700C8B2C762C8F0048E39C /* moonshotApp.swift */; };
		1D700C8E2C762C8F0048E39C /* ContentView.swift in Sources */ = {isa = PBXBuildFile; fileRef = 1D700C8D2C762C8F0048E39C /* ContentView.swift */; };
		1D700C902C762C900048E39C /* Assets.xcassets in Resources */ = {isa = PBXBuildFile; fileRef = 1D700C8F2C762C900048E39C /* Assets.xcassets */; };
		1D700C932C762C900048E39C /* Preview Assets.xcassets in Resources */ = {isa = PBXBuildFile; fileRef = 1D700C922C762C900048E39C /* Preview Assets.xcassets */; };
		1D700C9D2C762C900048E39C /* moonshotTests.swift in Sources */ = {isa = PBXBuildFile; fileRef = 1D700C9C2C762C900048E39C /* moonshotTests.swift */; };
		1D700CA72C762C900048E39C /* moonshotUITests.swift in Sources */ = {isa = PBXBuildFile; fileRef = 1D700CA62C762C900048E39C /* moonshotUITests.swift */; };
		1D700CA92C762C900048E39C /* moonshotUITestsLaunchTests.swift in Sources */ = {isa = PBXBuildFile; fileRef = 1D700CA82C762C900048E39C /* moonshotUITestsLaunchTests.swift */; };
/* End PBXBuildFile section */

/* Begin PBXContainerItemProxy section */
		1D700C992C762C900048E39C /* PBXContainerItemProxy */ = {
			isa = PBXContainerItemProxy;
			containerPortal = 1D700C802C762C8E0048E39C /* Project object */;
			proxyType = 1;
			remoteGlobalIDString = 1D700C872C762C8F0048E39C;
			remoteInfo = moonshot;
		};
		1D700CA32C762C900048E39C /* PBXContainerItemProxy */ = {
			isa = PBXContainerItemProxy;
			containerPortal = 1D700C802C762C8E0048E39C /* Project object */;
			proxyType = 1;
			remoteGlobalIDString = 1D700C872C762C8F0048E39C;
			remoteInfo = moonshot;
		};
/* End PBXContainerItemProxy section */

/* Begin PBXFileReference section */
		1D174CE72C777E350017C59E /* astronauts.json */ = {isa = PBXFileReference; fileEncoding = 4; lastKnownFileType = text.json; path = astronauts.json; sourceTree = "<group>"; };
		1D174CEB2C777E5B0017C59E /* missions.json */ = {isa = PBXFileReference; fileEncoding = 4; lastKnownFileType = text.json; path = missions.json; sourceTree = "<group>"; };
		1D174CED2C777F4F0017C59E /* Astronaut.swift */ = {isa = PBXFileReference; lastKnownFileType = sourcecode.swift; path = Astronaut.swift; sourceTree = "<group>"; };
		1D174CEF2C77802A0017C59E /* Bundle-Decodable.swift */ = {isa = PBXFileReference; lastKnownFileType = sourcecode.swift; path = "Bundle-Decodable.swift"; sourceTree = "<group>"; };
		1D174CF12C778AA60017C59E /* Mission.swift */ = {isa = PBXFileReference; lastKnownFileType = sourcecode.swift; path = Mission.swift; sourceTree = "<group>"; };
		1D174CF32C7799A10017C59E /* Color-Theme.swift */ = {isa = PBXFileReference; lastKnownFileType = sourcecode.swift; path = "Color-Theme.swift"; sourceTree = "<group>"; };
		1D174CF52C77A3520017C59E /* MissionView.swift */ = {isa = PBXFileReference; lastKnownFileType = sourcecode.swift; path = MissionView.swift; sourceTree = "<group>"; };
		1D174CF72C77ACBB0017C59E /* AstronautView.swift */ = {isa = PBXFileReference; lastKnownFileType = sourcecode.swift; path = AstronautView.swift; sourceTree = "<group>"; };
		1D700C882C762C8F0048E39C /* moonshot.app */ = {isa = PBXFileReference; explicitFileType = wrapper.application; includeInIndex = 0; path = moonshot.app; sourceTree = BUILT_PRODUCTS_DIR; };
		1D700C8B2C762C8F0048E39C /* moonshotApp.swift */ = {isa = PBXFileReference; lastKnownFileType = sourcecode.swift; path = moonshotApp.swift; sourceTree = "<group>"; };
		1D700C8D2C762C8F0048E39C /* ContentView.swift */ = {isa = PBXFileReference; lastKnownFileType = sourcecode.swift; path = ContentView.swift; sourceTree = "<group>"; };
		1D700C8F2C762C900048E39C /* Assets.xcassets */ = {isa = PBXFileReference; lastKnownFileType = folder.assetcatalog; path = Assets.xcassets; sourceTree = "<group>"; };
		1D700C922C762C900048E39C /* Preview Assets.xcassets */ = {isa = PBXFileReference; lastKnownFileType = folder.assetcatalog; path = "Preview Assets.xcassets"; sourceTree = "<group>"; };
		1D700C982C762C900048E39C /* moonshotTests.xctest */ = {isa = PBXFileReference; explicitFileType = wrapper.cfbundle; includeInIndex = 0; path = moonshotTests.xctest; sourceTree = BUILT_PRODUCTS_DIR; };
		1D700C9C2C762C900048E39C /* moonshotTests.swift */ = {isa = PBXFileReference; lastKnownFileType = sourcecode.swift; path = moonshotTests.swift; sourceTree = "<group>"; };
		1D700CA22C762C900048E39C /* moonshotUITests.xctest */ = {isa = PBXFileReference; explicitFileType = wrapper.cfbundle; includeInIndex = 0; path = moonshotUITests.xctest; sourceTree = BUILT_PRODUCTS_DIR; };
		1D700CA62C762C900048E39C /* moonshotUITests.swift */ = {isa = PBXFileReference; lastKnownFileType = sourcecode.swift; path = moonshotUITests.swift; sourceTree = "<group>"; };
		1D700CA82C762C900048E39C /* moonshotUITestsLaunchTests.swift */ = {isa = PBXFileReference; lastKnownFileType = sourcecode.swift; path = moonshotUITestsLaunchTests.swift; sourceTree = "<group>"; };
/* End PBXFileReference section */

/* Begin PBXFrameworksBuildPhase section */
		1D700C852C762C8F0048E39C /* Frameworks */ = {
			isa = PBXFrameworksBuildPhase;
			buildActionMask = 2147483647;
			files = (
			);
			runOnlyForDeploymentPostprocessing = 0;
		};
		1D700C952C762C900048E39C /* Frameworks */ = {
			isa = PBXFrameworksBuildPhase;
			buildActionMask = 2147483647;
			files = (
			);
			runOnlyForDeploymentPostprocessing = 0;
		};
		1D700C9F2C762C900048E39C /* Frameworks */ = {
			isa = PBXFrameworksBuildPhase;
			buildActionMask = 2147483647;
			files = (
			);
			runOnlyForDeploymentPostprocessing = 0;
		};
/* End PBXFrameworksBuildPhase section */

/* Begin PBXGroup section */
		1D700C7F2C762C8E0048E39C = {
			isa = PBXGroup;
			children = (
				1D700C8A2C762C8F0048E39C /* moonshot */,
				1D700C9B2C762C900048E39C /* moonshotTests */,
				1D700CA52C762C900048E39C /* moonshotUITests */,
				1D700C892C762C8F0048E39C /* Products */,
			);
			sourceTree = "<group>";
		};
		1D700C892C762C8F0048E39C /* Products */ = {
			isa = PBXGroup;
			children = (
				1D700C882C762C8F0048E39C /* moonshot.app */,
				1D700C982C762C900048E39C /* moonshotTests.xctest */,
				1D700CA22C762C900048E39C /* moonshotUITests.xctest */,
			);
			name = Products;
			sourceTree = "<group>";
		};
		1D700C8A2C762C8F0048E39C /* moonshot */ = {
			isa = PBXGroup;
			children = (
				1D174CF32C7799A10017C59E /* Color-Theme.swift */,
				1D174CF72C77ACBB0017C59E /* AstronautView.swift */,
				1D700C8B2C762C8F0048E39C /* moonshotApp.swift */,
				1D700C8D2C762C8F0048E39C /* ContentView.swift */,
				1D174CF52C77A3520017C59E /* MissionView.swift */,
				1D174CE72C777E350017C59E /* astronauts.json */,
				1D174CED2C777F4F0017C59E /* Astronaut.swift */,
				1D174CEB2C777E5B0017C59E /* missions.json */,
				1D174CF12C778AA60017C59E /* Mission.swift */,
				1D174CEF2C77802A0017C59E /* Bundle-Decodable.swift */,
				1D700C8F2C762C900048E39C /* Assets.xcassets */,
				1D700C912C762C900048E39C /* Preview Content */,
			);
			path = moonshot;
			sourceTree = "<group>";
		};
		1D700C912C762C900048E39C /* Preview Content */ = {
			isa = PBXGroup;
			children = (
				1D700C922C762C900048E39C /* Preview Assets.xcassets */,
			);
			path = "Preview Content";
			sourceTree = "<group>";
		};
		1D700C9B2C762C900048E39C /* moonshotTests */ = {
			isa = PBXGroup;
			children = (
				1D700C9C2C762C900048E39C /* moonshotTests.swift */,
			);
			path = moonshotTests;
			sourceTree = "<group>";
		};
		1D700CA52C762C900048E39C /* moonshotUITests */ = {
			isa = PBXGroup;
			children = (
				1D700CA62C762C900048E39C /* moonshotUITests.swift */,
				1D700CA82C762C900048E39C /* moonshotUITestsLaunchTests.swift */,
			);
			path = moonshotUITests;
			sourceTree = "<group>";
		};
/* End PBXGroup section */

/* Begin PBXNativeTarget section */
		1D700C872C762C8F0048E39C /* moonshot */ = {
			isa = PBXNativeTarget;
			buildConfigurationList = 1D700CAC2C762C900048E39C /* Build configuration list for PBXNativeTarget "moonshot" */;
			buildPhases = (
				1D700C842C762C8F0048E39C /* Sources */,
				1D700C852C762C8F0048E39C /* Frameworks */,
				1D700C862C762C8F0048E39C /* Resources */,
			);
			buildRules = (
			);
			dependencies = (
			);
			name = moonshot;
			productName = moonshot;
			productReference = 1D700C882C762C8F0048E39C /* moonshot.app */;
			productType = "com.apple.product-type.application";
		};
		1D700C972C762C900048E39C /* moonshotTests */ = {
			isa = PBXNativeTarget;
			buildConfigurationList = 1D700CAF2C762C900048E39C /* Build configuration list for PBXNativeTarget "moonshotTests" */;
			buildPhases = (
				1D700C942C762C900048E39C /* Sources */,
				1D700C952C762C900048E39C /* Frameworks */,
				1D700C962C762C900048E39C /* Resources */,
			);
			buildRules = (
			);
			dependencies = (
				1D700C9A2C762C900048E39C /* PBXTargetDependency */,
			);
			name = moonshotTests;
			productName = moonshotTests;
			productReference = 1D700C982C762C900048E39C /* moonshotTests.xctest */;
			productType = "com.apple.product-type.bundle.unit-test";
		};
		1D700CA12C762C900048E39C /* moonshotUITests */ = {
			isa = PBXNativeTarget;
			buildConfigurationList = 1D700CB22C762C900048E39C /* Build configuration list for PBXNativeTarget "moonshotUITests" */;
			buildPhases = (
				1D700C9E2C762C900048E39C /* Sources */,
				1D700C9F2C762C900048E39C /* Frameworks */,
				1D700CA02C762C900048E39C /* Resources */,
			);
			buildRules = (
			);
			dependencies = (
				1D700CA42C762C900048E39C /* PBXTargetDependency */,
			);
			name = moonshotUITests;
			productName = moonshotUITests;
			productReference = 1D700CA22C762C900048E39C /* moonshotUITests.xctest */;
			productType = "com.apple.product-type.bundle.ui-testing";
		};
/* End PBXNativeTarget section */

/* Begin PBXProject section */
		1D700C802C762C8E0048E39C /* Project object */ = {
			isa = PBXProject;
			attributes = {
				BuildIndependentTargetsInParallel = 1;
				LastSwiftUpdateCheck = 1500;
				LastUpgradeCheck = 1500;
				TargetAttributes = {
					1D700C872C762C8F0048E39C = {
						CreatedOnToolsVersion = 15.0;
					};
					1D700C972C762C900048E39C = {
						CreatedOnToolsVersion = 15.0;
						TestTargetID = 1D700C872C762C8F0048E39C;
					};
					1D700CA12C762C900048E39C = {
						CreatedOnToolsVersion = 15.0;
						TestTargetID = 1D700C872C762C8F0048E39C;
					};
				};
			};
			buildConfigurationList = 1D700C832C762C8E0048E39C /* Build configuration list for PBXProject "moonshot" */;
			compatibilityVersion = "Xcode 14.0";
			developmentRegion = en;
			hasScannedForEncodings = 0;
			knownRegions = (
				en,
				Base,
			);
			mainGroup = 1D700C7F2C762C8E0048E39C;
			productRefGroup = 1D700C892C762C8F0048E39C /* Products */;
			projectDirPath = "";
			projectRoot = "";
			targets = (
				1D700C872C762C8F0048E39C /* moonshot */,
				1D700C972C762C900048E39C /* moonshotTests */,
				1D700CA12C762C900048E39C /* moonshotUITests */,
			);
		};
/* End PBXProject section */

/* Begin PBXResourcesBuildPhase section */
		1D700C862C762C8F0048E39C /* Resources */ = {
			isa = PBXResourcesBuildPhase;
			buildActionMask = 2147483647;
			files = (
				1D174CE82C777E350017C59E /* astronauts.json in Resources */,
				1D700C932C762C900048E39C /* Preview Assets.xcassets in Resources */,
				1D174CEC2C777E5B0017C59E /* missions.json in Resources */,
				1D700C902C762C900048E39C /* Assets.xcassets in Resources */,
			);
			runOnlyForDeploymentPostprocessing = 0;
		};
		1D700C962C762C900048E39C /* Resources */ = {
			isa = PBXResourcesBuildPhase;
			buildActionMask = 2147483647;
			files = (
			);
			runOnlyForDeploymentPostprocessing = 0;
		};
		1D700CA02C762C900048E39C /* Resources */ = {
			isa = PBXResourcesBuildPhase;
			buildActionMask = 2147483647;
			files = (
			);
			runOnlyForDeploymentPostprocessing = 0;
		};
/* End PBXResourcesBuildPhase section */

/* Begin PBXSourcesBuildPhase section */
		1D700C842C762C8F0048E39C /* Sources */ = {
			isa = PBXSourcesBuildPhase;
			buildActionMask = 2147483647;
			files = (
				1D174CF62C77A3520017C59E /* MissionView.swift in Sources */,
				1D174CEE2C777F4F0017C59E /* Astronaut.swift in Sources */,
				1D174CF82C77ACBB0017C59E /* AstronautView.swift in Sources */,
				1D174CF42C7799A10017C59E /* Color-Theme.swift in Sources */,
				1D700C8E2C762C8F0048E39C /* ContentView.swift in Sources */,
				1D700C8C2C762C8F0048E39C /* moonshotApp.swift in Sources */,
				1D174CF22C778AA60017C59E /* Mission.swift in Sources */,
				1D174CF02C77802A0017C59E /* Bundle-Decodable.swift in Sources */,
			);
			runOnlyForDeploymentPostprocessing = 0;
		};
		1D700C942C762C900048E39C /* Sources */ = {
			isa = PBXSourcesBuildPhase;
			buildActionMask = 2147483647;
			files = (
				1D700C9D2C762C900048E39C /* moonshotTests.swift in Sources */,
			);
			runOnlyForDeploymentPostprocessing = 0;
		};
		1D700C9E2C762C900048E39C /* Sources */ = {
			isa = PBXSourcesBuildPhase;
			buildActionMask = 2147483647;
			files = (
				1D700CA92C762C900048E39C /* moonshotUITestsLaunchTests.swift in Sources */,
				1D700CA72C762C900048E39C /* moonshotUITests.swift in Sources */,
			);
			runOnlyForDeploymentPostprocessing = 0;
		};
/* End PBXSourcesBuildPhase section */

/* Begin PBXTargetDependency section */
		1D700C9A2C762C900048E39C /* PBXTargetDependency */ = {
			isa = PBXTargetDependency;
			target = 1D700C872C762C8F0048E39C /* moonshot */;
			targetProxy = 1D700C992C762C900048E39C /* PBXContainerItemProxy */;
		};
		1D700CA42C762C900048E39C /* PBXTargetDependency */ = {
			isa = PBXTargetDependency;
			target = 1D700C872C762C8F0048E39C /* moonshot */;
			targetProxy = 1D700CA32C762C900048E39C /* PBXContainerItemProxy */;
		};
/* End PBXTargetDependency section */

/* Begin XCBuildConfiguration section */
		1D700CAA2C762C900048E39C /* Debug */ = {
			isa = XCBuildConfiguration;
			buildSettings = {
				ALWAYS_SEARCH_USER_PATHS = NO;
				ASSETCATALOG_COMPILER_GENERATE_SWIFT_ASSET_SYMBOL_EXTENSIONS = YES;
				CLANG_ANALYZER_NONNULL = YES;
				CLANG_ANALYZER_NUMBER_OBJECT_CONVERSION = YES_AGGRESSIVE;
				CLANG_CXX_LANGUAGE_STANDARD = "gnu++20";
				CLANG_ENABLE_MODULES = YES;
				CLANG_ENABLE_OBJC_ARC = YES;
				CLANG_ENABLE_OBJC_WEAK = YES;
				CLANG_WARN_BLOCK_CAPTURE_AUTORELEASING = YES;
				CLANG_WARN_BOOL_CONVERSION = YES;
				CLANG_WARN_COMMA = YES;
				CLANG_WARN_CONSTANT_CONVERSION = YES;
				CLANG_WARN_DEPRECATED_OBJC_IMPLEMENTATIONS = YES;
				CLANG_WARN_DIRECT_OBJC_ISA_USAGE = YES_ERROR;
				CLANG_WARN_DOCUMENTATION_COMMENTS = YES;
				CLANG_WARN_EMPTY_BODY = YES;
				CLANG_WARN_ENUM_CONVERSION = YES;
				CLANG_WARN_INFINITE_RECURSION = YES;
				CLANG_WARN_INT_CONVERSION = YES;
				CLANG_WARN_NON_LITERAL_NULL_CONVERSION = YES;
				CLANG_WARN_OBJC_IMPLICIT_RETAIN_SELF = YES;
				CLANG_WARN_OBJC_LITERAL_CONVERSION = YES;
				CLANG_WARN_OBJC_ROOT_CLASS = YES_ERROR;
				CLANG_WARN_QUOTED_INCLUDE_IN_FRAMEWORK_HEADER = YES;
				CLANG_WARN_RANGE_LOOP_ANALYSIS = YES;
				CLANG_WARN_STRICT_PROTOTYPES = YES;
				CLANG_WARN_SUSPICIOUS_MOVE = YES;
				CLANG_WARN_UNGUARDED_AVAILABILITY = YES_AGGRESSIVE;
				CLANG_WARN_UNREACHABLE_CODE = YES;
				CLANG_WARN__DUPLICATE_METHOD_MATCH = YES;
				COPY_PHASE_STRIP = NO;
				DEBUG_INFORMATION_FORMAT = dwarf;
				ENABLE_STRICT_OBJC_MSGSEND = YES;
				ENABLE_TESTABILITY = YES;
				ENABLE_USER_SCRIPT_SANDBOXING = YES;
				GCC_C_LANGUAGE_STANDARD = gnu17;
				GCC_DYNAMIC_NO_PIC = NO;
				GCC_NO_COMMON_BLOCKS = YES;
				GCC_OPTIMIZATION_LEVEL = 0;
				GCC_PREPROCESSOR_DEFINITIONS = (
					"DEBUG=1",
					"$(inherited)",
				);
				GCC_WARN_64_TO_32_BIT_CONVERSION = YES;
				GCC_WARN_ABOUT_RETURN_TYPE = YES_ERROR;
				GCC_WARN_UNDECLARED_SELECTOR = YES;
				GCC_WARN_UNINITIALIZED_AUTOS = YES_AGGRESSIVE;
				GCC_WARN_UNUSED_FUNCTION = YES;
				GCC_WARN_UNUSED_VARIABLE = YES;
				IPHONEOS_DEPLOYMENT_TARGET = 17.0;
				LOCALIZATION_PREFERS_STRING_CATALOGS = YES;
				MTL_ENABLE_DEBUG_INFO = INCLUDE_SOURCE;
				MTL_FAST_MATH = YES;
				ONLY_ACTIVE_ARCH = YES;
				SDKROOT = iphoneos;
				SWIFT_ACTIVE_COMPILATION_CONDITIONS = "DEBUG $(inherited)";
				SWIFT_OPTIMIZATION_LEVEL = "-Onone";
			};
			name = Debug;
		};
		1D700CAB2C762C900048E39C /* Release */ = {
			isa = XCBuildConfiguration;
			buildSettings = {
				ALWAYS_SEARCH_USER_PATHS = NO;
				ASSETCATALOG_COMPILER_GENERATE_SWIFT_ASSET_SYMBOL_EXTENSIONS = YES;
				CLANG_ANALYZER_NONNULL = YES;
				CLANG_ANALYZER_NUMBER_OBJECT_CONVERSION = YES_AGGRESSIVE;
				CLANG_CXX_LANGUAGE_STANDARD = "gnu++20";
				CLANG_ENABLE_MODULES = YES;
				CLANG_ENABLE_OBJC_ARC = YES;
				CLANG_ENABLE_OBJC_WEAK = YES;
				CLANG_WARN_BLOCK_CAPTURE_AUTORELEASING = YES;
				CLANG_WARN_BOOL_CONVERSION = YES;
				CLANG_WARN_COMMA = YES;
				CLANG_WARN_CONSTANT_CONVERSION = YES;
				CLANG_WARN_DEPRECATED_OBJC_IMPLEMENTATIONS = YES;
				CLANG_WARN_DIRECT_OBJC_ISA_USAGE = YES_ERROR;
				CLANG_WARN_DOCUMENTATION_COMMENTS = YES;
				CLANG_WARN_EMPTY_BODY = YES;
				CLANG_WARN_ENUM_CONVERSION = YES;
				CLANG_WARN_INFINITE_RECURSION = YES;
				CLANG_WARN_INT_CONVERSION = YES;
				CLANG_WARN_NON_LITERAL_NULL_CONVERSION = YES;
				CLANG_WARN_OBJC_IMPLICIT_RETAIN_SELF = YES;
				CLANG_WARN_OBJC_LITERAL_CONVERSION = YES;
				CLANG_WARN_OBJC_ROOT_CLASS = YES_ERROR;
				CLANG_WARN_QUOTED_INCLUDE_IN_FRAMEWORK_HEADER = YES;
				CLANG_WARN_RANGE_LOOP_ANALYSIS = YES;
				CLANG_WARN_STRICT_PROTOTYPES = YES;
				CLANG_WARN_SUSPICIOUS_MOVE = YES;
				CLANG_WARN_UNGUARDED_AVAILABILITY = YES_AGGRESSIVE;
				CLANG_WARN_UNREACHABLE_CODE = YES;
				CLANG_WARN__DUPLICATE_METHOD_MATCH = YES;
				COPY_PHASE_STRIP = NO;
				DEBUG_INFORMATION_FORMAT = "dwarf-with-dsym";
				ENABLE_NS_ASSERTIONS = NO;
				ENABLE_STRICT_OBJC_MSGSEND = YES;
				ENABLE_USER_SCRIPT_SANDBOXING = YES;
				GCC_C_LANGUAGE_STANDARD = gnu17;
				GCC_NO_COMMON_BLOCKS = YES;
				GCC_WARN_64_TO_32_BIT_CONVERSION = YES;
				GCC_WARN_ABOUT_RETURN_TYPE = YES_ERROR;
				GCC_WARN_UNDECLARED_SELECTOR = YES;
				GCC_WARN_UNINITIALIZED_AUTOS = YES_AGGRESSIVE;
				GCC_WARN_UNUSED_FUNCTION = YES;
				GCC_WARN_UNUSED_VARIABLE = YES;
				IPHONEOS_DEPLOYMENT_TARGET = 17.0;
				LOCALIZATION_PREFERS_STRING_CATALOGS = YES;
				MTL_ENABLE_DEBUG_INFO = NO;
				MTL_FAST_MATH = YES;
				SDKROOT = iphoneos;
				SWIFT_COMPILATION_MODE = wholemodule;
				VALIDATE_PRODUCT = YES;
			};
			name = Release;
		};
		1D700CAD2C762C900048E39C /* Debug */ = {
			isa = XCBuildConfiguration;
			buildSettings = {
				ASSETCATALOG_COMPILER_APPICON_NAME = AppIcon;
				ASSETCATALOG_COMPILER_GLOBAL_ACCENT_COLOR_NAME = AccentColor;
				CODE_SIGN_STYLE = Automatic;
				CURRENT_PROJECT_VERSION = 1;
				DEVELOPMENT_ASSET_PATHS = "\"moonshot/Preview Content\"";
				ENABLE_PREVIEWS = YES;
				GENERATE_INFOPLIST_FILE = YES;
				INFOPLIST_KEY_UIApplicationSceneManifest_Generation = YES;
				INFOPLIST_KEY_UIApplicationSupportsIndirectInputEvents = YES;
				INFOPLIST_KEY_UILaunchScreen_Generation = YES;
				INFOPLIST_KEY_UISupportedInterfaceOrientations_iPad = "UIInterfaceOrientationPortrait UIInterfaceOrientationPortraitUpsideDown UIInterfaceOrientationLandscapeLeft UIInterfaceOrientationLandscapeRight";
				INFOPLIST_KEY_UISupportedInterfaceOrientations_iPhone = "UIInterfaceOrientationPortrait UIInterfaceOrientationLandscapeLeft UIInterfaceOrientationLandscapeRight";
				LD_RUNPATH_SEARCH_PATHS = (
					"$(inherited)",
					"@executable_path/Frameworks",
				);
				MARKETING_VERSION = 1.0;
				PRODUCT_BUNDLE_IDENTIFIER = com.naveed.moonshot;
				PRODUCT_NAME = "$(TARGET_NAME)";
				SWIFT_EMIT_LOC_STRINGS = YES;
				SWIFT_VERSION = 5.0;
				TARGETED_DEVICE_FAMILY = "1,2";
			};
			name = Debug;
		};
		1D700CAE2C762C900048E39C /* Release */ = {
			isa = XCBuildConfiguration;
			buildSettings = {
				ASSETCATALOG_COMPILER_APPICON_NAME = AppIcon;
				ASSETCATALOG_COMPILER_GLOBAL_ACCENT_COLOR_NAME = AccentColor;
				CODE_SIGN_STYLE = Automatic;
				CURRENT_PROJECT_VERSION = 1;
				DEVELOPMENT_ASSET_PATHS = "\"moonshot/Preview Content\"";
				ENABLE_PREVIEWS = YES;
				GENERATE_INFOPLIST_FILE = YES;
				INFOPLIST_KEY_UIApplicationSceneManifest_Generation = YES;
				INFOPLIST_KEY_UIApplicationSupportsIndirectInputEvents = YES;
				INFOPLIST_KEY_UILaunchScreen_Generation = YES;
				INFOPLIST_KEY_UISupportedInterfaceOrientations_iPad = "UIInterfaceOrientationPortrait UIInterfaceOrientationPortraitUpsideDown UIInterfaceOrientationLandscapeLeft UIInterfaceOrientationLandscapeRight";
				INFOPLIST_KEY_UISupportedInterfaceOrientations_iPhone = "UIInterfaceOrientationPortrait UIInterfaceOrientationLandscapeLeft UIInterfaceOrientationLandscapeRight";
				LD_RUNPATH_SEARCH_PATHS = (
					"$(inherited)",
					"@executable_path/Frameworks",
				);
				MARKETING_VERSION = 1.0;
				PRODUCT_BUNDLE_IDENTIFIER = com.naveed.moonshot;
				PRODUCT_NAME = "$(TARGET_NAME)";
				SWIFT_EMIT_LOC_STRINGS = YES;
				SWIFT_VERSION = 5.0;
				TARGETED_DEVICE_FAMILY = "1,2";
			};
			name = Release;
		};
		1D700CB02C762C900048E39C /* Debug */ = {
			isa = XCBuildConfiguration;
			buildSettings = {
				ALWAYS_EMBED_SWIFT_STANDARD_LIBRARIES = YES;
				BUNDLE_LOADER = "$(TEST_HOST)";
				CODE_SIGN_STYLE = Automatic;
				CURRENT_PROJECT_VERSION = 1;
				GENERATE_INFOPLIST_FILE = YES;
				IPHONEOS_DEPLOYMENT_TARGET = 17.0;
				MARKETING_VERSION = 1.0;
				PRODUCT_BUNDLE_IDENTIFIER = com.naveed.moonshotTests;
				PRODUCT_NAME = "$(TARGET_NAME)";
				SWIFT_EMIT_LOC_STRINGS = NO;
				SWIFT_VERSION = 5.0;
				TARGETED_DEVICE_FAMILY = "1,2";
				TEST_HOST = "$(BUILT_PRODUCTS_DIR)/moonshot.app/$(BUNDLE_EXECUTABLE_FOLDER_PATH)/moonshot";
			};
			name = Debug;
		};
		1D700CB12C762C900048E39C /* Release */ = {
			isa = XCBuildConfiguration;
			buildSettings = {
				ALWAYS_EMBED_SWIFT_STANDARD_LIBRARIES = YES;
				BUNDLE_LOADER = "$(TEST_HOST)";
				CODE_SIGN_STYLE = Automatic;
				CURRENT_PROJECT_VERSION = 1;
				GENERATE_INFOPLIST_FILE = YES;
				IPHONEOS_DEPLOYMENT_TARGET = 17.0;
				MARKETING_VERSION = 1.0;
				PRODUCT_BUNDLE_IDENTIFIER = com.naveed.moonshotTests;
				PRODUCT_NAME = "$(TARGET_NAME)";
				SWIFT_EMIT_LOC_STRINGS = NO;
				SWIFT_VERSION = 5.0;
				TARGETED_DEVICE_FAMILY = "1,2";
				TEST_HOST = "$(BUILT_PRODUCTS_DIR)/moonshot.app/$(BUNDLE_EXECUTABLE_FOLDER_PATH)/moonshot";
			};
			name = Release;
		};
		1D700CB32C762C900048E39C /* Debug */ = {
			isa = XCBuildConfiguration;
			buildSettings = {
				ALWAYS_EMBED_SWIFT_STANDARD_LIBRARIES = YES;
				CODE_SIGN_STYLE = Automatic;
				CURRENT_PROJECT_VERSION = 1;
				GENERATE_INFOPLIST_FILE = YES;
				MARKETING_VERSION = 1.0;
				PRODUCT_BUNDLE_IDENTIFIER = com.naveed.moonshotUITests;
				PRODUCT_NAME = "$(TARGET_NAME)";
				SWIFT_EMIT_LOC_STRINGS = NO;
				SWIFT_VERSION = 5.0;
				TARGETED_DEVICE_FAMILY = "1,2";
				TEST_TARGET_NAME = moonshot;
			};
			name = Debug;
		};
		1D700CB42C762C900048E39C /* Release */ = {
			isa = XCBuildConfiguration;
			buildSettings = {
				ALWAYS_EMBED_SWIFT_STANDARD_LIBRARIES = YES;
				CODE_SIGN_STYLE = Automatic;
				CURRENT_PROJECT_VERSION = 1;
				GENERATE_INFOPLIST_FILE = YES;
				MARKETING_VERSION = 1.0;
				PRODUCT_BUNDLE_IDENTIFIER = com.naveed.moonshotUITests;
				PRODUCT_NAME = "$(TARGET_NAME)";
				SWIFT_EMIT_LOC_STRINGS = NO;
				SWIFT_VERSION = 5.0;
				TARGETED_DEVICE_FAMILY = "1,2";
				TEST_TARGET_NAME = moonshot;
			};
			name = Release;
		};
/* End XCBuildConfiguration section */

/* Begin XCConfigurationList section */
		1D700C832C762C8E0048E39C /* Build configuration list for PBXProject "moonshot" */ = {
			isa = XCConfigurationList;
			buildConfigurations = (
				1D700CAA2C762C900048E39C /* Debug */,
				1D700CAB2C762C900048E39C /* Release */,
			);
			defaultConfigurationIsVisible = 0;
			defaultConfigurationName = Release;
		};
		1D700CAC2C762C900048E39C /* Build configuration list for PBXNativeTarget "moonshot" */ = {
			isa = XCConfigurationList;
			buildConfigurations = (
				1D700CAD2C762C900048E39C /* Debug */,
				1D700CAE2C762C900048E39C /* Release */,
			);
			defaultConfigurationIsVisible = 0;
			defaultConfigurationName = Release;
		};
		1D700CAF2C762C900048E39C /* Build configuration list for PBXNativeTarget "moonshotTests" */ = {
			isa = XCConfigurationList;
			buildConfigurations = (
				1D700CB02C762C900048E39C /* Debug */,
				1D700CB12C762C900048E39C /* Release */,
			);
			defaultConfigurationIsVisible = 0;
			defaultConfigurationName = Release;
		};
		1D700CB22C762C900048E39C /* Build configuration list for PBXNativeTarget "moonshotUITests" */ = {
			isa = XCConfigurationList;
			buildConfigurations = (
				1D700CB32C762C900048E39C /* Debug */,
				1D700CB42C762C900048E39C /* Release */,
			);
			defaultConfigurationIsVisible = 0;
			defaultConfigurationName = Release;
		};
/* End XCConfigurationList section */
	};
	rootObject = 1D700C802C762C8E0048E39C /* Project object */;
}
